{
  "name": "Aula02",
  "lockfileVersion": 3,
  "requires": true,
  "packages": {
    "": {
      "dependencies": {
        "prompt-sync": "^3.0.3"
      }
    },
    "node_modules/prompt-sync": {
      "version": "3.0.3",
      "resolved": "https://registry.npmjs.org/prompt-sync/-/prompt-sync-3.0.3.tgz",
      "integrity": "sha512-QXmH5eCNzYGzB7g6OkO+8k3yxi8epNStiZH5WSRPEzNdiAL93onuL68j5Fz/i33H+oy8sXd4Jid7U1/WYqbgcQ==",
      "license": "MIT"
    }
  }
}
